// !$*UTF8*$!
{
	archiveVersion = 1;
	classes = {
	};
	objectVersion = 50;
	objects = {

/* Begin PBXBuildFile section */
		087B58FD267647700095A70C /* WaterMelonApp.swift in Sources */ = {isa = PBXBuildFile; fileRef = 087B58FC267647700095A70C /* WaterMelonApp.swift */; };
		087B58FF267647700095A70C /* ContentView.swift in Sources */ = {isa = PBXBuildFile; fileRef = 087B58FE267647700095A70C /* ContentView.swift */; };
		087B5901267647710095A70C /* Assets.xcassets in Resources */ = {isa = PBXBuildFile; fileRef = 087B5900267647710095A70C /* Assets.xcassets */; };
		087B5904267647710095A70C /* Preview Assets.xcassets in Resources */ = {isa = PBXBuildFile; fileRef = 087B5903267647710095A70C /* Preview Assets.xcassets */; };
		087B590F267647710095A70C /* WaterMelonTests.swift in Sources */ = {isa = PBXBuildFile; fileRef = 087B590E267647710095A70C /* WaterMelonTests.swift */; };
		087B591A267647710095A70C /* WaterMelonUITests.swift in Sources */ = {isa = PBXBuildFile; fileRef = 087B5919267647710095A70C /* WaterMelonUITests.swift */; };
/* End PBXBuildFile section */

/* Begin PBXContainerItemProxy section */
		087B590B267647710095A70C /* PBXContainerItemProxy */ = {
			isa = PBXContainerItemProxy;
			containerPortal = 087B58F1267647700095A70C /* Project object */;
			proxyType = 1;
			remoteGlobalIDString = 087B58F8267647700095A70C;
			remoteInfo = WaterMelon;
		};
		087B5916267647710095A70C /* PBXContainerItemProxy */ = {
			isa = PBXContainerItemProxy;
			containerPortal = 087B58F1267647700095A70C /* Project object */;
			proxyType = 1;
			remoteGlobalIDString = 087B58F8267647700095A70C;
			remoteInfo = WaterMelon;
		};
/* End PBXContainerItemProxy section */

/* Begin PBXFileReference section */
		087B58F9267647700095A70C /* WaterMelon.app */ = {isa = PBXFileReference; explicitFileType = wrapper.application; includeInIndex = 0; path = WaterMelon.app; sourceTree = BUILT_PRODUCTS_DIR; };
		087B58FC267647700095A70C /* WaterMelonApp.swift */ = {isa = PBXFileReference; lastKnownFileType = sourcecode.swift; path = WaterMelonApp.swift; sourceTree = "<group>"; };
		087B58FE267647700095A70C /* ContentView.swift */ = {isa = PBXFileReference; lastKnownFileType = sourcecode.swift; path = ContentView.swift; sourceTree = "<group>"; };
		087B5900267647710095A70C /* Assets.xcassets */ = {isa = PBXFileReference; lastKnownFileType = folder.assetcatalog; path = Assets.xcassets; sourceTree = "<group>"; };
		087B5903267647710095A70C /* Preview Assets.xcassets */ = {isa = PBXFileReference; lastKnownFileType = folder.assetcatalog; path = "Preview Assets.xcassets"; sourceTree = "<group>"; };
		087B5905267647710095A70C /* Info.plist */ = {isa = PBXFileReference; lastKnownFileType = text.plist.xml; path = Info.plist; sourceTree = "<group>"; };
		087B590A267647710095A70C /* WaterMelonTests.xctest */ = {isa = PBXFileReference; explicitFileType = wrapper.cfbundle; includeInIndex = 0; path = WaterMelonTests.xctest; sourceTree = BUILT_PRODUCTS_DIR; };
		087B590E267647710095A70C /* WaterMelonTests.swift */ = {isa = PBXFileReference; lastKnownFileType = sourcecode.swift; path = WaterMelonTests.swift; sourceTree = "<group>"; };
		087B5910267647710095A70C /* Info.plist */ = {isa = PBXFileReference; lastKnownFileType = text.plist.xml; path = Info.plist; sourceTree = "<group>"; };
		087B5915267647710095A70C /* WaterMelonUITests.xctest */ = {isa = PBXFileReference; explicitFileType = wrapper.cfbundle; includeInIndex = 0; path = WaterMelonUITests.xctest; sourceTree = BUILT_PRODUCTS_DIR; };
		087B5919267647710095A70C /* WaterMelonUITests.swift */ = {isa = PBXFileReference; lastKnownFileType = sourcecode.swift; path = WaterMelonUITests.swift; sourceTree = "<group>"; };
		087B591B267647710095A70C /* Info.plist */ = {isa = PBXFileReference; lastKnownFileType = text.plist.xml; path = Info.plist; sourceTree = "<group>"; };
/* End PBXFileReference section */

/* Begin PBXFrameworksBuildPhase section */
		087B58F6267647700095A70C /* Frameworks */ = {
			isa = PBXFrameworksBuildPhase;
			buildActionMask = 2147483647;
			files = (
			);
			runOnlyForDeploymentPostprocessing = 0;
		};
		087B5907267647710095A70C /* Frameworks */ = {
			isa = PBXFrameworksBuildPhase;
			buildActionMask = 2147483647;
			files = (
			);
			runOnlyForDeploymentPostprocessing = 0;
		};
		087B5912267647710095A70C /* Frameworks */ = {
			isa = PBXFrameworksBuildPhase;
			buildActionMask = 2147483647;
			files = (
			);
			runOnlyForDeploymentPostprocessing = 0;
		};
/* End PBXFrameworksBuildPhase section */

/* Begin PBXGroup section */
		087B58F0267647700095A70C = {
			isa = PBXGroup;
			children = (
				087B58FB267647700095A70C /* WaterMelon */,
				087B590D267647710095A70C /* WaterMelonTests */,
				087B5918267647710095A70C /* WaterMelonUITests */,
				087B58FA267647700095A70C /* Products */,
			);
			sourceTree = "<group>";
		};
		087B58FA267647700095A70C /* Products */ = {
			isa = PBXGroup;
			children = (
				087B58F9267647700095A70C /* WaterMelon.app */,
				087B590A267647710095A70C /* WaterMelonTests.xctest */,
				087B5915267647710095A70C /* WaterMelonUITests.xctest */,
			);
			name = Products;
			sourceTree = "<group>";
		};
		087B58FB267647700095A70C /* WaterMelon */ = {
			isa = PBXGroup;
			children = (
				087B58FC267647700095A70C /* WaterMelonApp.swift */,
				087B58FE267647700095A70C /* ContentView.swift */,
				087B5900267647710095A70C /* Assets.xcassets */,
				087B5905267647710095A70C /* Info.plist */,
				087B5902267647710095A70C /* Preview Content */,
			);
			path = WaterMelon;
			sourceTree = "<group>";
		};
		087B5902267647710095A70C /* Preview Content */ = {
			isa = PBXGroup;
			children = (
				087B5903267647710095A70C /* Preview Assets.xcassets */,
			);
			path = "Preview Content";
			sourceTree = "<group>";
		};
		087B590D267647710095A70C /* WaterMelonTests */ = {
			isa = PBXGroup;
			children = (
				087B590E267647710095A70C /* WaterMelonTests.swift */,
				087B5910267647710095A70C /* Info.plist */,
			);
			path = WaterMelonTests;
			sourceTree = "<group>";
		};
		087B5918267647710095A70C /* WaterMelonUITests */ = {
			isa = PBXGroup;
			children = (
				087B5919267647710095A70C /* WaterMelonUITests.swift */,
				087B591B267647710095A70C /* Info.plist */,
			);
			path = WaterMelonUITests;
			sourceTree = "<group>";
		};
/* End PBXGroup section */

/* Begin PBXNativeTarget section */
		087B58F8267647700095A70C /* WaterMelon */ = {
			isa = PBXNativeTarget;
			buildConfigurationList = 087B591E267647710095A70C /* Build configuration list for PBXNativeTarget "WaterMelon" */;
			buildPhases = (
				087B58F5267647700095A70C /* Sources */,
				087B58F6267647700095A70C /* Frameworks */,
				087B58F7267647700095A70C /* Resources */,
			);
			buildRules = (
			);
			dependencies = (
			);
			name = WaterMelon;
			productName = WaterMelon;
			productReference = 087B58F9267647700095A70C /* WaterMelon.app */;
			productType = "com.apple.product-type.application";
		};
		087B5909267647710095A70C /* WaterMelonTests */ = {
			isa = PBXNativeTarget;
			buildConfigurationList = 087B5921267647710095A70C /* Build configuration list for PBXNativeTarget "WaterMelonTests" */;
			buildPhases = (
				087B5906267647710095A70C /* Sources */,
				087B5907267647710095A70C /* Frameworks */,
				087B5908267647710095A70C /* Resources */,
			);
			buildRules = (
			);
			dependencies = (
				087B590C267647710095A70C /* PBXTargetDependency */,
			);
			name = WaterMelonTests;
			productName = WaterMelonTests;
			productReference = 087B590A267647710095A70C /* WaterMelonTests.xctest */;
			productType = "com.apple.product-type.bundle.unit-test";
		};
		087B5914267647710095A70C /* WaterMelonUITests */ = {
			isa = PBXNativeTarget;
			buildConfigurationList = 087B5924267647710095A70C /* Build configuration list for PBXNativeTarget "WaterMelonUITests" */;
			buildPhases = (
				087B5911267647710095A70C /* Sources */,
				087B5912267647710095A70C /* Frameworks */,
				087B5913267647710095A70C /* Resources */,
			);
			buildRules = (
			);
			dependencies = (
				087B5917267647710095A70C /* PBXTargetDependency */,
			);
			name = WaterMelonUITests;
			productName = WaterMelonUITests;
			productReference = 087B5915267647710095A70C /* WaterMelonUITests.xctest */;
			productType = "com.apple.product-type.bundle.ui-testing";
		};
/* End PBXNativeTarget section */

/* Begin PBXProject section */
		087B58F1267647700095A70C /* Project object */ = {
			isa = PBXProject;
			attributes = {
				LastSwiftUpdateCheck = 1250;
				LastUpgradeCheck = 1250;
				TargetAttributes = {
					087B58F8267647700095A70C = {
						CreatedOnToolsVersion = 12.5;
					};
					087B5909267647710095A70C = {
						CreatedOnToolsVersion = 12.5;
						TestTargetID = 087B58F8267647700095A70C;
					};
					087B5914267647710095A70C = {
						CreatedOnToolsVersion = 12.5;
						TestTargetID = 087B58F8267647700095A70C;
					};
				};
			};
			buildConfigurationList = 087B58F4267647700095A70C /* Build configuration list for PBXProject "WaterMelon" */;
			compatibilityVersion = "Xcode 9.3";
			developmentRegion = en;
			hasScannedForEncodings = 0;
			knownRegions = (
				en,
				Base,
			);
			mainGroup = 087B58F0267647700095A70C;
			productRefGroup = 087B58FA267647700095A70C /* Products */;
			projectDirPath = "";
			projectRoot = "";
			targets = (
				087B58F8267647700095A70C /* WaterMelon */,
				087B5909267647710095A70C /* WaterMelonTests */,
				087B5914267647710095A70C /* WaterMelonUITests */,
			);
		};
/* End PBXProject section */

/* Begin PBXResourcesBuildPhase section */
		087B58F7267647700095A70C /* Resources */ = {
			isa = PBXResourcesBuildPhase;
			buildActionMask = 2147483647;
			files = (
				087B5904267647710095A70C /* Preview Assets.xcassets in Resources */,
				087B5901267647710095A70C /* Assets.xcassets in Resources */,
			);
			runOnlyForDeploymentPostprocessing = 0;
		};
		087B5908267647710095A70C /* Resources */ = {
			isa = PBXResourcesBuildPhase;
			buildActionMask = 2147483647;
			files = (
			);
			runOnlyForDeploymentPostprocessing = 0;
		};
		087B5913267647710095A70C /* Resources */ = {
			isa = PBXResourcesBuildPhase;
			buildActionMask = 2147483647;
			files = (
			);
			runOnlyForDeploymentPostprocessing = 0;
		};
/* End PBXResourcesBuildPhase section */

/* Begin PBXSourcesBuildPhase section */
		087B58F5267647700095A70C /* Sources */ = {
			isa = PBXSourcesBuildPhase;
			buildActionMask = 2147483647;
			files = (
				087B58FF267647700095A70C /* ContentView.swift in Sources */,
				087B58FD267647700095A70C /* WaterMelonApp.swift in Sources */,
			);
			runOnlyForDeploymentPostprocessing = 0;
		};
		087B5906267647710095A70C /* Sources */ = {
			isa = PBXSourcesBuildPhase;
			buildActionMask = 2147483647;
			files = (
				087B590F267647710095A70C /* WaterMelonTests.swift in Sources */,
			);
			runOnlyForDeploymentPostprocessing = 0;
		};
		087B5911267647710095A70C /* Sources */ = {
			isa = PBXSourcesBuildPhase;
			buildActionMask = 2147483647;
			files = (
				087B591A267647710095A70C /* WaterMelonUITests.swift in Sources */,
			);
			runOnlyForDeploymentPostprocessing = 0;
		};
/* End PBXSourcesBuildPhase section */

/* Begin PBXTargetDependency section */
		087B590C267647710095A70C /* PBXTargetDependency */ = {
			isa = PBXTargetDependency;
			target = 087B58F8267647700095A70C /* WaterMelon */;
			targetProxy = 087B590B267647710095A70C /* PBXContainerItemProxy */;
		};
		087B5917267647710095A70C /* PBXTargetDependency */ = {
			isa = PBXTargetDependency;
			target = 087B58F8267647700095A70C /* WaterMelon */;
			targetProxy = 087B5916267647710095A70C /* PBXContainerItemProxy */;
		};
/* End PBXTargetDependency section */

/* Begin XCBuildConfiguration section */
		087B591C267647710095A70C /* Debug */ = {
			isa = XCBuildConfiguration;
			buildSettings = {
				ALWAYS_SEARCH_USER_PATHS = NO;
				CLANG_ANALYZER_NONNULL = YES;
				CLANG_ANALYZER_NUMBER_OBJECT_CONVERSION = YES_AGGRESSIVE;
				CLANG_CXX_LANGUAGE_STANDARD = "gnu++14";
				CLANG_CXX_LIBRARY = "libc++";
				CLANG_ENABLE_MODULES = YES;
				CLANG_ENABLE_OBJC_ARC = YES;
				CLANG_ENABLE_OBJC_WEAK = YES;
				CLANG_WARN_BLOCK_CAPTURE_AUTORELEASING = YES;
				CLANG_WARN_BOOL_CONVERSION = YES;
				CLANG_WARN_COMMA = YES;
				CLANG_WARN_CONSTANT_CONVERSION = YES;
				CLANG_WARN_DEPRECATED_OBJC_IMPLEMENTATIONS = YES;
				CLANG_WARN_DIRECT_OBJC_ISA_USAGE = YES_ERROR;
				CLANG_WARN_DOCUMENTATION_COMMENTS = YES;
				CLANG_WARN_EMPTY_BODY = YES;
				CLANG_WARN_ENUM_CONVERSION = YES;
				CLANG_WARN_INFINITE_RECURSION = YES;
				CLANG_WARN_INT_CONVERSION = YES;
				CLANG_WARN_NON_LITERAL_NULL_CONVERSION = YES;
				CLANG_WARN_OBJC_IMPLICIT_RETAIN_SELF = YES;
				CLANG_WARN_OBJC_LITERAL_CONVERSION = YES;
				CLANG_WARN_OBJC_ROOT_CLASS = YES_ERROR;
				CLANG_WARN_QUOTED_INCLUDE_IN_FRAMEWORK_HEADER = YES;
				CLANG_WARN_RANGE_LOOP_ANALYSIS = YES;
				CLANG_WARN_STRICT_PROTOTYPES = YES;
				CLANG_WARN_SUSPICIOUS_MOVE = YES;
				CLANG_WARN_UNGUARDED_AVAILABILITY = YES_AGGRESSIVE;
				CLANG_WARN_UNREACHABLE_CODE = YES;
				CLANG_WARN__DUPLICATE_METHOD_MATCH = YES;
				COPY_PHASE_STRIP = NO;
				DEBUG_INFORMATION_FORMAT = dwarf;
				ENABLE_STRICT_OBJC_MSGSEND = YES;
				ENABLE_TESTABILITY = YES;
				GCC_C_LANGUAGE_STANDARD = gnu11;
				GCC_DYNAMIC_NO_PIC = NO;
				GCC_NO_COMMON_BLOCKS = YES;
				GCC_OPTIMIZATION_LEVEL = 0;
				GCC_PREPROCESSOR_DEFINITIONS = (
					"DEBUG=1",
					"$(inherited)",
				);
				GCC_WARN_64_TO_32_BIT_CONVERSION = YES;
				GCC_WARN_ABOUT_RETURN_TYPE = YES_ERROR;
				GCC_WARN_UNDECLARED_SELECTOR = YES;
				GCC_WARN_UNINITIALIZED_AUTOS = YES_AGGRESSIVE;
				GCC_WARN_UNUSED_FUNCTION = YES;
				GCC_WARN_UNUSED_VARIABLE = YES;
				IPHONEOS_DEPLOYMENT_TARGET = 14.5;
				MTL_ENABLE_DEBUG_INFO = INCLUDE_SOURCE;
				MTL_FAST_MATH = YES;
				ONLY_ACTIVE_ARCH = YES;
				SDKROOT = iphoneos;
				SWIFT_ACTIVE_COMPILATION_CONDITIONS = DEBUG;
				SWIFT_OPTIMIZATION_LEVEL = "-Onone";
			};
			name = Debug;
		};
		087B591D267647710095A70C /* Release */ = {
			isa = XCBuildConfiguration;
			buildSettings = {
				ALWAYS_SEARCH_USER_PATHS = NO;
				CLANG_ANALYZER_NONNULL = YES;
				CLANG_ANALYZER_NUMBER_OBJECT_CONVERSION = YES_AGGRESSIVE;
				CLANG_CXX_LANGUAGE_STANDARD = "gnu++14";
				CLANG_CXX_LIBRARY = "libc++";
				CLANG_ENABLE_MODULES = YES;
				CLANG_ENABLE_OBJC_ARC = YES;
				CLANG_ENABLE_OBJC_WEAK = YES;
				CLANG_WARN_BLOCK_CAPTURE_AUTORELEASING = YES;
				CLANG_WARN_BOOL_CONVERSION = YES;
				CLANG_WARN_COMMA = YES;
				CLANG_WARN_CONSTANT_CONVERSION = YES;
				CLANG_WARN_DEPRECATED_OBJC_IMPLEMENTATIONS = YES;
				CLANG_WARN_DIRECT_OBJC_ISA_USAGE = YES_ERROR;
				CLANG_WARN_DOCUMENTATION_COMMENTS = YES;
				CLANG_WARN_EMPTY_BODY = YES;
				CLANG_WARN_ENUM_CONVERSION = YES;
				CLANG_WARN_INFINITE_RECURSION = YES;
				CLANG_WARN_INT_CONVERSION = YES;
				CLANG_WARN_NON_LITERAL_NULL_CONVERSION = YES;
				CLANG_WARN_OBJC_IMPLICIT_RETAIN_SELF = YES;
				CLANG_WARN_OBJC_LITERAL_CONVERSION = YES;
				CLANG_WARN_OBJC_ROOT_CLASS = YES_ERROR;
				CLANG_WARN_QUOTED_INCLUDE_IN_FRAMEWORK_HEADER = YES;
				CLANG_WARN_RANGE_LOOP_ANALYSIS = YES;
				CLANG_WARN_STRICT_PROTOTYPES = YES;
				CLANG_WARN_SUSPICIOUS_MOVE = YES;
				CLANG_WARN_UNGUARDED_AVAILABILITY = YES_AGGRESSIVE;
				CLANG_WARN_UNREACHABLE_CODE = YES;
				CLANG_WARN__DUPLICATE_METHOD_MATCH = YES;
				COPY_PHASE_STRIP = NO;
				DEBUG_INFORMATION_FORMAT = "dwarf-with-dsym";
				ENABLE_NS_ASSERTIONS = NO;
				ENABLE_STRICT_OBJC_MSGSEND = YES;
				GCC_C_LANGUAGE_STANDARD = gnu11;
				GCC_NO_COMMON_BLOCKS = YES;
				GCC_WARN_64_TO_32_BIT_CONVERSION = YES;
				GCC_WARN_ABOUT_RETURN_TYPE = YES_ERROR;
				GCC_WARN_UNDECLARED_SELECTOR = YES;
				GCC_WARN_UNINITIALIZED_AUTOS = YES_AGGRESSIVE;
				GCC_WARN_UNUSED_FUNCTION = YES;
				GCC_WARN_UNUSED_VARIABLE = YES;
				IPHONEOS_DEPLOYMENT_TARGET = 14.5;
				MTL_ENABLE_DEBUG_INFO = NO;
				MTL_FAST_MATH = YES;
				SDKROOT = iphoneos;
				SWIFT_COMPILATION_MODE = wholemodule;
				SWIFT_OPTIMIZATION_LEVEL = "-O";
				VALIDATE_PRODUCT = YES;
			};
			name = Release;
		};
		087B591F267647710095A70C /* Debug */ = {
			isa = XCBuildConfiguration;
			buildSettings = {
				ASSETCATALOG_COMPILER_APPICON_NAME = AppIcon;
				ASSETCATALOG_COMPILER_GLOBAL_ACCENT_COLOR_NAME = AccentColor;
				CODE_SIGN_STYLE = Automatic;
				DEVELOPMENT_ASSET_PATHS = "\"WaterMelon/Preview Content\"";
				DEVELOPMENT_TEAM = 5KBCJMJ6Y8;
				ENABLE_PREVIEWS = YES;
				INFOPLIST_FILE = WaterMelon/Info.plist;
				IPHONEOS_DEPLOYMENT_TARGET = 14.0;
				LD_RUNPATH_SEARCH_PATHS = (
					"$(inherited)",
					"@executable_path/Frameworks",
				);
				PRODUCT_BUNDLE_IDENTIFIER = com.pupilary.WaterMelon;
				PRODUCT_NAME = "$(TARGET_NAME)";
				SWIFT_VERSION = 5.0;
				TARGETED_DEVICE_FAMILY = "1,2";
			};
			name = Debug;
		};
		087B5920267647710095A70C /* Release */ = {
			isa = XCBuildConfiguration;
			buildSettings = {
				ASSETCATALOG_COMPILER_APPICON_NAME = AppIcon;
				ASSETCATALOG_COMPILER_GLOBAL_ACCENT_COLOR_NAME = AccentColor;
				CODE_SIGN_STYLE = Automatic;
				DEVELOPMENT_ASSET_PATHS = "\"WaterMelon/Preview Content\"";
				DEVELOPMENT_TEAM = 5KBCJMJ6Y8;
				ENABLE_PREVIEWS = YES;
				INFOPLIST_FILE = WaterMelon/Info.plist;
				IPHONEOS_DEPLOYMENT_TARGET = 14.0;
				LD_RUNPATH_SEARCH_PATHS = (
					"$(inherited)",
					"@executable_path/Frameworks",
				);
				PRODUCT_BUNDLE_IDENTIFIER = com.pupilary.WaterMelon;
				PRODUCT_NAME = "$(TARGET_NAME)";
				SWIFT_VERSION = 5.0;
				TARGETED_DEVICE_FAMILY = "1,2";
			};
			name = Release;
		};
		087B5922267647710095A70C /* Debug */ = {
			isa = XCBuildConfiguration;
			buildSettings = {
				ALWAYS_EMBED_SWIFT_STANDARD_LIBRARIES = YES;
				BUNDLE_LOADER = "$(TEST_HOST)";
				CODE_SIGN_STYLE = Automatic;
				DEVELOPMENT_TEAM = 5KBCJMJ6Y8;
				INFOPLIST_FILE = WaterMelonTests/Info.plist;
				IPHONEOS_DEPLOYMENT_TARGET = 14.0;
				LD_RUNPATH_SEARCH_PATHS = (
					"$(inherited)",
					"@executable_path/Frameworks",
					"@loader_path/Frameworks",
				);
				PRODUCT_BUNDLE_IDENTIFIER = com.pupilary.WaterMelonTests;
				PRODUCT_NAME = "$(TARGET_NAME)";
				SWIFT_VERSION = 5.0;
				TARGETED_DEVICE_FAMILY = "1,2";
				TEST_HOST = "$(BUILT_PRODUCTS_DIR)/WaterMelon.app/WaterMelon";
			};
			name = Debug;
		};
		087B5923267647710095A70C /* Release */ = {
			isa = XCBuildConfiguration;
			buildSettings = {
				ALWAYS_EMBED_SWIFT_STANDARD_LIBRARIES = YES;
				BUNDLE_LOADER = "$(TEST_HOST)";
				CODE_SIGN_STYLE = Automatic;
				DEVELOPMENT_TEAM = 5KBCJMJ6Y8;
				INFOPLIST_FILE = WaterMelonTests/Info.plist;
				IPHONEOS_DEPLOYMENT_TARGET = 14.0;
				LD_RUNPATH_SEARCH_PATHS = (
					"$(inherited)",
					"@executable_path/Frameworks",
					"@loader_path/Frameworks",
				);
				PRODUCT_BUNDLE_IDENTIFIER = com.pupilary.WaterMelonTests;
				PRODUCT_NAME = "$(TARGET_NAME)";
				SWIFT_VERSION = 5.0;
				TARGETED_DEVICE_FAMILY = "1,2";
				TEST_HOST = "$(BUILT_PRODUCTS_DIR)/WaterMelon.app/WaterMelon";
			};
			name = Release;
		};
		087B5925267647710095A70C /* Debug */ = {
			isa = XCBuildConfiguration;
			buildSettings = {
				ALWAYS_EMBED_SWIFT_STANDARD_LIBRARIES = YES;
				CODE_SIGN_STYLE = Automatic;
				DEVELOPMENT_TEAM = 5KBCJMJ6Y8;
				INFOPLIST_FILE = WaterMelonUITests/Info.plist;
				LD_RUNPATH_SEARCH_PATHS = (
					"$(inherited)",
					"@executable_path/Frameworks",
					"@loader_path/Frameworks",
				);
				PRODUCT_BUNDLE_IDENTIFIER = com.pupilary.WaterMelonUITests;
				PRODUCT_NAME = "$(TARGET_NAME)";
				SWIFT_VERSION = 5.0;
				TARGETED_DEVICE_FAMILY = "1,2";
				TEST_TARGET_NAME = WaterMelon;
			};
			name = Debug;
		};
		087B5926267647710095A70C /* Release */ = {
			isa = XCBuildConfiguration;
			buildSettings = {
				ALWAYS_EMBED_SWIFT_STANDARD_LIBRARIES = YES;
				CODE_SIGN_STYLE = Automatic;
				DEVELOPMENT_TEAM = 5KBCJMJ6Y8;
				INFOPLIST_FILE = WaterMelonUITests/Info.plist;
				LD_RUNPATH_SEARCH_PATHS = (
					"$(inherited)",
					"@executable_path/Frameworks",
					"@loader_path/Frameworks",
				);
				PRODUCT_BUNDLE_IDENTIFIER = com.pupilary.WaterMelonUITests;
				PRODUCT_NAME = "$(TARGET_NAME)";
				SWIFT_VERSION = 5.0;
				TARGETED_DEVICE_FAMILY = "1,2";
				TEST_TARGET_NAME = WaterMelon;
			};
			name = Release;
		};
/* End XCBuildConfiguration section */

/* Begin XCConfigurationList section */
		087B58F4267647700095A70C /* Build configuration list for PBXProject "WaterMelon" */ = {
			isa = XCConfigurationList;
			buildConfigurations = (
				087B591C267647710095A70C /* Debug */,
				087B591D267647710095A70C /* Release */,
			);
			defaultConfigurationIsVisible = 0;
			defaultConfigurationName = Release;
		};
		087B591E267647710095A70C /* Build configuration list for PBXNativeTarget "WaterMelon" */ = {
			isa = XCConfigurationList;
			buildConfigurations = (
				087B591F267647710095A70C /* Debug */,
				087B5920267647710095A70C /* Release */,
			);
			defaultConfigurationIsVisible = 0;
			defaultConfigurationName = Release;
		};
		087B5921267647710095A70C /* Build configuration list for PBXNativeTarget "WaterMelonTests" */ = {
			isa = XCConfigurationList;
			buildConfigurations = (
				087B5922267647710095A70C /* Debug */,
				087B5923267647710095A70C /* Release */,
			);
			defaultConfigurationIsVisible = 0;
			defaultConfigurationName = Release;
		};
		087B5924267647710095A70C /* Build configuration list for PBXNativeTarget "WaterMelonUITests" */ = {
			isa = XCConfigurationList;
			buildConfigurations = (
				087B5925267647710095A70C /* Debug */,
				087B5926267647710095A70C /* Release */,
			);
			defaultConfigurationIsVisible = 0;
			defaultConfigurationName = Release;
		};
/* End XCConfigurationList section */
	};
	rootObject = 087B58F1267647700095A70C /* Project object */;
}
